
Microsoft Visual Studio Solution File, Format Version 12.00
# Visual Studio 15
Project("{FAE04EC0-301F-11D3-BF4B-00C04F79EFBC}") = "Assembly-CSharp", "Assembly-CSharp.csproj", "{95673185-4C97-0763-BC8E-2B7EB2B879C8}"
EndProject
Project("{FAE04EC0-301F-11D3-BF4B-00C04F79EFBC}") = "Assembly-CSharp-Editor", "Assembly-CSharp-Editor.csproj", "{DBF25F0A-A923-BAD7-E213-C4CAEBBDEFBA}"
EndProject
Global
	GlobalSection(SolutionConfigurationPlatforms) = preSolution
		Debug|Any CPU = Debug|Any CPU
		Release|Any CPU = Release|Any CPU
	EndGlobalSection
	GlobalSection(ProjectConfigurationPlatforms) = postSolution
		{95673185-4C97-0763-BC8E-2B7EB2B879C8}.Debug|Any CPU.ActiveCfg = Debug|Any CPU
		{95673185-4C97-0763-BC8E-2B7EB2B879C8}.Debug|Any CPU.Build.0 = Debug|Any CPU
		{95673185-4C97-0763-BC8E-2B7EB2B879C8}.Release|Any CPU.ActiveCfg = Release|Any CPU
		{95673185-4C97-0763-BC8E-2B7EB2B879C8}.Release|Any CPU.Build.0 = Release|Any CPU
		{DBF25F0A-A923-BAD7-E213-C4CAEBBDEFBA}.Debug|Any CPU.ActiveCfg = Debug|Any CPU
		{DBF25F0A-A923-BAD7-E213-C4CAEBBDEFBA}.Debug|Any CPU.Build.0 = Debug|Any CPU
		{DBF25F0A-A923-BAD7-E213-C4CAEBBDEFBA}.Release|Any CPU.ActiveCfg = Release|Any CPU
		{DBF25F0A-A923-BAD7-E213-C4CAEBBDEFBA}.Release|Any CPU.Build.0 = Release|Any CPU
	EndGlobalSection
	GlobalSection(SolutionProperties) = preSolution
		HideSolutionNode = FALSE
	EndGlobalSection
EndGlobal
